
Microsoft Visual Studio Solution File, Format Version 12.00
# Visual Studio 15
VisualStudioVersion = 15.0.28010.2036
MinimumVisualStudioVersion = 10.0.40219.1
Project("{FAE04EC0-301F-11D3-BF4B-00C04F79EFBC}") = "VueDojo.WebApplication", "VueDojo.WebApplication\VueDojo.WebApplication.csproj", "{F4BC270A-3F54-45F8-8498-4A53C3B362E3}"
EndProject
Project("{FAE04EC0-301F-11D3-BF4B-00C04F79EFBC}") = "VueDojo", "VueDojo\VueDojo.csproj", "{B47E57D5-6357-4E11-9CE3-84663AB1B4BD}"
EndProject
Global
	GlobalSection(SolutionConfigurationPlatforms) = preSolution
		Debug|Any CPU = Debug|Any CPU
		Release|Any CPU = Release|Any CPU
	EndGlobalSection
	GlobalSection(ProjectConfigurationPlatforms) = postSolution
		{F4BC270A-3F54-45F8-8498-4A53C3B362E3}.Debug|Any CPU.ActiveCfg = Debug|Any CPU
		{F4BC270A-3F54-45F8-8498-4A53C3B362E3}.Debug|Any CPU.Build.0 = Debug|Any CPU
		{F4BC270A-3F54-45F8-8498-4A53C3B362E3}.Release|Any CPU.ActiveCfg = Release|Any CPU
		{F4BC270A-3F54-45F8-8498-4A53C3B362E3}.Release|Any CPU.Build.0 = Release|Any CPU
		{B47E57D5-6357-4E11-9CE3-84663AB1B4BD}.Debug|Any CPU.ActiveCfg = Debug|Any CPU
		{B47E57D5-6357-4E11-9CE3-84663AB1B4BD}.Debug|Any CPU.Build.0 = Debug|Any CPU
		{B47E57D5-6357-4E11-9CE3-84663AB1B4BD}.Release|Any CPU.ActiveCfg = Release|Any CPU
		{B47E57D5-6357-4E11-9CE3-84663AB1B4BD}.Release|Any CPU.Build.0 = Release|Any CPU
	EndGlobalSection
	GlobalSection(SolutionProperties) = preSolution
		HideSolutionNode = FALSE
	EndGlobalSection
	GlobalSection(ExtensibilityGlobals) = postSolution
		SolutionGuid = {567475DD-4137-4FD0-8A7C-AC4BCF63358C}
	EndGlobalSection
EndGlobal
